
Microsoft Visual Studio Solution File, Format Version 12.00
# Visual Studio Version 16
VisualStudioVersion = 16.0.33214.272
MinimumVisualStudioVersion = 10.0.40219.1
Project("{FAE04EC0-301F-11D3-BF4B-00C04F79EFBC}") = "FileSystemWatcher", "FileSystemWatcher\FileSystemWatcher.csproj", "{2E027597-5151-4B27-A83C-EAE32F1AE744}"
EndProject
Project("{54435603-DBB4-11D2-8724-00A0C9A8B90C}") = "Phat Hien Xam Nhap - IDS", "..\Phat hien xam nhap (IDS)\Phat Hien Xam Nhap - IDS\Phat Hien Xam Nhap - IDS.vdproj", "{390EF1E2-305A-4E58-BDF0-B0D3AD2335FB}"
EndProject
Global
	GlobalSection(SolutionConfigurationPlatforms) = preSolution
		Debug|Any CPU = Debug|Any CPU
		Release|Any CPU = Release|Any CPU
	EndGlobalSection
	GlobalSection(ProjectConfigurationPlatforms) = postSolution
		{2E027597-5151-4B27-A83C-EAE32F1AE744}.Debug|Any CPU.ActiveCfg = Debug|Any CPU
		{2E027597-5151-4B27-A83C-EAE32F1AE744}.Debug|Any CPU.Build.0 = Debug|Any CPU
		{2E027597-5151-4B27-A83C-EAE32F1AE744}.Release|Any CPU.ActiveCfg = Release|Any CPU
		{2E027597-5151-4B27-A83C-EAE32F1AE744}.Release|Any CPU.Build.0 = Release|Any CPU
		{390EF1E2-305A-4E58-BDF0-B0D3AD2335FB}.Debug|Any CPU.ActiveCfg = Debug
		{390EF1E2-305A-4E58-BDF0-B0D3AD2335FB}.Release|Any CPU.ActiveCfg = Release
	EndGlobalSection
	GlobalSection(SolutionProperties) = preSolution
		HideSolutionNode = FALSE
	EndGlobalSection
	GlobalSection(ExtensibilityGlobals) = postSolution
		SolutionGuid = {16C12AB4-D270-4FC8-8792-C43A7D2DE457}
	EndGlobalSection
EndGlobal
